
Microsoft Visual Studio Solution File, Format Version 12.00
# Visual Studio Version 17
VisualStudioVersion = 17.9.34728.123
MinimumVisualStudioVersion = 10.0.40219.1
Project("{FAE04EC0-301F-11D3-BF4B-00C04F79EFBC}") = "Module05Forms.Android", "Module05Forms\Module05Forms.Android\Module05Forms.Android.csproj", "{F311BF2D-9AF2-4B81-BD75-BC2D985AB278}"
EndProject
Project("{FAE04EC0-301F-11D3-BF4B-00C04F79EFBC}") = "Module05Forms", "Module05Forms\Module05Forms\Module05Forms.csproj", "{1C7D33F7-9325-42C3-9447-59838C50B461}"
EndProject
Global
	GlobalSection(SolutionConfigurationPlatforms) = preSolution
		Debug|Any CPU = Debug|Any CPU
		Release|Any CPU = Release|Any CPU
	EndGlobalSection
	GlobalSection(ProjectConfigurationPlatforms) = postSolution
		{F311BF2D-9AF2-4B81-BD75-BC2D985AB278}.Debug|Any CPU.ActiveCfg = Debug|Any CPU
		{F311BF2D-9AF2-4B81-BD75-BC2D985AB278}.Debug|Any CPU.Build.0 = Debug|Any CPU
		{F311BF2D-9AF2-4B81-BD75-BC2D985AB278}.Debug|Any CPU.Deploy.0 = Debug|Any CPU
		{F311BF2D-9AF2-4B81-BD75-BC2D985AB278}.Release|Any CPU.ActiveCfg = Release|Any CPU
		{F311BF2D-9AF2-4B81-BD75-BC2D985AB278}.Release|Any CPU.Build.0 = Release|Any CPU
		{F311BF2D-9AF2-4B81-BD75-BC2D985AB278}.Release|Any CPU.Deploy.0 = Release|Any CPU
		{1C7D33F7-9325-42C3-9447-59838C50B461}.Debug|Any CPU.ActiveCfg = Debug|Any CPU
		{1C7D33F7-9325-42C3-9447-59838C50B461}.Debug|Any CPU.Build.0 = Debug|Any CPU
		{1C7D33F7-9325-42C3-9447-59838C50B461}.Debug|Any CPU.Deploy.0 = Debug|Any CPU
		{1C7D33F7-9325-42C3-9447-59838C50B461}.Release|Any CPU.ActiveCfg = Release|Any CPU
		{1C7D33F7-9325-42C3-9447-59838C50B461}.Release|Any CPU.Build.0 = Release|Any CPU
		{1C7D33F7-9325-42C3-9447-59838C50B461}.Release|Any CPU.Deploy.0 = Release|Any CPU
	EndGlobalSection
	GlobalSection(SolutionProperties) = preSolution
		HideSolutionNode = FALSE
	EndGlobalSection
	GlobalSection(ExtensibilityGlobals) = postSolution
		SolutionGuid = {DFEA4C91-198A-4EE7-99A1-5F028F0A4280}
	EndGlobalSection
EndGlobal
